
Microsoft Visual Studio Solution File, Format Version 12.00
# Visual Studio Version 17
VisualStudioVersion = 17.4.33213.308
MinimumVisualStudioVersion = 10.0.40219.1
Project("{8BC9CEB8-8B4A-11D0-8D11-00A0C91BC942}") = "Car-Game", "Car-Game\Car-Game.vcxproj", "{FCD4D69E-56AF-404D-B30F-195F40176C7F}"
EndProject
Global
	GlobalSection(SolutionConfigurationPlatforms) = preSolution
		Debug|x64 = Debug|x64
		Debug|x86 = Debug|x86
		Release|x64 = Release|x64
		Release|x86 = Release|x86
	EndGlobalSection
	GlobalSection(ProjectConfigurationPlatforms) = postSolution
		{FCD4D69E-56AF-404D-B30F-195F40176C7F}.Debug|x64.ActiveCfg = Debug|x64
		{FCD4D69E-56AF-404D-B30F-195F40176C7F}.Debug|x64.Build.0 = Debug|x64
		{FCD4D69E-56AF-404D-B30F-195F40176C7F}.Debug|x86.ActiveCfg = Debug|Win32
		{FCD4D69E-56AF-404D-B30F-195F40176C7F}.Debug|x86.Build.0 = Debug|Win32
		{FCD4D69E-56AF-404D-B30F-195F40176C7F}.Release|x64.ActiveCfg = Release|x64
		{FCD4D69E-56AF-404D-B30F-195F40176C7F}.Release|x64.Build.0 = Release|x64
		{FCD4D69E-56AF-404D-B30F-195F40176C7F}.Release|x86.ActiveCfg = Release|Win32
		{FCD4D69E-56AF-404D-B30F-195F40176C7F}.Release|x86.Build.0 = Release|Win32
	EndGlobalSection
	GlobalSection(SolutionProperties) = preSolution
		HideSolutionNode = FALSE
	EndGlobalSection
	GlobalSection(ExtensibilityGlobals) = postSolution
		SolutionGuid = {E72E7BAB-1047-4DB8-8F30-10536B105A2D}
	EndGlobalSection
EndGlobal
